
Microsoft Visual Studio Solution File, Format Version 12.00
# Visual Studio Version 17
VisualStudioVersion = 17.10.35013.160
MinimumVisualStudioVersion = 10.0.40219.1
Project("{FAE04EC0-301F-11D3-BF4B-00C04F79EFBC}") = "EMSStc", "EMSStc.csproj", "{FFC7F21C-F464-49FC-A5C1-1DFD109828EB}"
EndProject
Global
	GlobalSection(SolutionConfigurationPlatforms) = preSolution
		Debug|Any CPU = Debug|Any CPU
		Release|Any CPU = Release|Any CPU
	EndGlobalSection
	GlobalSection(ProjectConfigurationPlatforms) = postSolution
		{FFC7F21C-F464-49FC-A5C1-1DFD109828EB}.Debug|Any CPU.ActiveCfg = Debug|Any CPU
		{FFC7F21C-F464-49FC-A5C1-1DFD109828EB}.Debug|Any CPU.Build.0 = Debug|Any CPU
		{FFC7F21C-F464-49FC-A5C1-1DFD109828EB}.Release|Any CPU.ActiveCfg = Release|Any CPU
		{FFC7F21C-F464-49FC-A5C1-1DFD109828EB}.Release|Any CPU.Build.0 = Release|Any CPU
	EndGlobalSection
	GlobalSection(SolutionProperties) = preSolution
		HideSolutionNode = FALSE
	EndGlobalSection
	GlobalSection(ExtensibilityGlobals) = postSolution
		SolutionGuid = {E667F05F-3462-422C-B292-140488EDEEE0}
	EndGlobalSection
EndGlobal
