
Microsoft Visual Studio Solution File, Format Version 12.00
# Visual Studio Version 17
VisualStudioVersion = 17.10.35013.160
MinimumVisualStudioVersion = 10.0.40219.1
Project("{FAE04EC0-301F-11D3-BF4B-00C04F79EFBC}") = "WindowsFormsApp1", "WindowsFormsApp1.csproj", "{00E85B9E-7751-43A0-A9B5-2DFD89A7455B}"
EndProject
Global
	GlobalSection(SolutionConfigurationPlatforms) = preSolution
		Debug|Any CPU = Debug|Any CPU
		Release|Any CPU = Release|Any CPU
	EndGlobalSection
	GlobalSection(ProjectConfigurationPlatforms) = postSolution
		{00E85B9E-7751-43A0-A9B5-2DFD89A7455B}.Debug|Any CPU.ActiveCfg = Debug|Any CPU
		{00E85B9E-7751-43A0-A9B5-2DFD89A7455B}.Debug|Any CPU.Build.0 = Debug|Any CPU
		{00E85B9E-7751-43A0-A9B5-2DFD89A7455B}.Release|Any CPU.ActiveCfg = Release|Any CPU
		{00E85B9E-7751-43A0-A9B5-2DFD89A7455B}.Release|Any CPU.Build.0 = Release|Any CPU
	EndGlobalSection
	GlobalSection(SolutionProperties) = preSolution
		HideSolutionNode = FALSE
	EndGlobalSection
	GlobalSection(ExtensibilityGlobals) = postSolution
		SolutionGuid = {72B34754-2FB0-434A-9176-880BF9492B56}
	EndGlobalSection
EndGlobal
